
Microsoft Visual Studio Solution File, Format Version 12.00
# Visual Studio Version 16
VisualStudioVersion = 16.0.29306.81
MinimumVisualStudioVersion = 10.0.40219.1
Project("{9A19103F-16F7-4668-BE54-9A1E7A4F7556}") = "MovieLibrary", "MovieLibrary\MovieLibrary.csproj", "{F145F191-C2B7-42A7-94E2-4B69CF846558}"
EndProject
Project("{FAE04EC0-301F-11D3-BF4B-00C04F79EFBC}") = "MovieUI", "MovieUI\MovieUI.csproj", "{8CA827DA-B59F-4509-B11B-F28AC19F3DCA}"
EndProject
Global
	GlobalSection(SolutionConfigurationPlatforms) = preSolution
		Debug|Any CPU = Debug|Any CPU
		Release|Any CPU = Release|Any CPU
	EndGlobalSection
	GlobalSection(ProjectConfigurationPlatforms) = postSolution
		{F145F191-C2B7-42A7-94E2-4B69CF846558}.Debug|Any CPU.ActiveCfg = Debug|Any CPU
		{F145F191-C2B7-42A7-94E2-4B69CF846558}.Debug|Any CPU.Build.0 = Debug|Any CPU
		{F145F191-C2B7-42A7-94E2-4B69CF846558}.Release|Any CPU.ActiveCfg = Release|Any CPU
		{F145F191-C2B7-42A7-94E2-4B69CF846558}.Release|Any CPU.Build.0 = Release|Any CPU
		{8CA827DA-B59F-4509-B11B-F28AC19F3DCA}.Debug|Any CPU.ActiveCfg = Debug|Any CPU
		{8CA827DA-B59F-4509-B11B-F28AC19F3DCA}.Debug|Any CPU.Build.0 = Debug|Any CPU
		{8CA827DA-B59F-4509-B11B-F28AC19F3DCA}.Release|Any CPU.ActiveCfg = Release|Any CPU
		{8CA827DA-B59F-4509-B11B-F28AC19F3DCA}.Release|Any CPU.Build.0 = Release|Any CPU
	EndGlobalSection
	GlobalSection(SolutionProperties) = preSolution
		HideSolutionNode = FALSE
	EndGlobalSection
	GlobalSection(ExtensibilityGlobals) = postSolution
		SolutionGuid = {CFC6241D-7A23-4455-A71A-211CF0BFC744}
	EndGlobalSection
EndGlobal
